
Microsoft Visual Studio Solution File, Format Version 12.00
# Visual Studio Version 17
VisualStudioVersion = 17.4.33205.214
MinimumVisualStudioVersion = 10.0.40219.1
Project("{FAE04EC0-301F-11D3-BF4B-00C04F79EFBC}") = "CathTheSquare", "CathTheSquare\CathTheSquare.csproj", "{CBB0EC84-22B6-42B3-BC71-61CC311B96B3}"
EndProject
Global
	GlobalSection(SolutionConfigurationPlatforms) = preSolution
		Debug|Any CPU = Debug|Any CPU
		Release|Any CPU = Release|Any CPU
	EndGlobalSection
	GlobalSection(ProjectConfigurationPlatforms) = postSolution
		{CBB0EC84-22B6-42B3-BC71-61CC311B96B3}.Debug|Any CPU.ActiveCfg = Debug|Any CPU
		{CBB0EC84-22B6-42B3-BC71-61CC311B96B3}.Debug|Any CPU.Build.0 = Debug|Any CPU
		{CBB0EC84-22B6-42B3-BC71-61CC311B96B3}.Release|Any CPU.ActiveCfg = Release|Any CPU
		{CBB0EC84-22B6-42B3-BC71-61CC311B96B3}.Release|Any CPU.Build.0 = Release|Any CPU
	EndGlobalSection
	GlobalSection(SolutionProperties) = preSolution
		HideSolutionNode = FALSE
	EndGlobalSection
	GlobalSection(ExtensibilityGlobals) = postSolution
		SolutionGuid = {B65A35D4-8347-426E-AD94-271419EF8977}
	EndGlobalSection
EndGlobal
